
Microsoft Visual Studio Solution File, Format Version 12.00
# Visual Studio 15
VisualStudioVersion = 15.0.27004.2006
MinimumVisualStudioVersion = 10.0.40219.1
Project("{FAE04EC0-301F-11D3-BF4B-00C04F79EFBC}") = "Lesson66", "Lesson66\Lesson66.csproj", "{04B840A6-69C8-4AA1-B45C-FDD4B4788F0D}"
EndProject
Global
	GlobalSection(SolutionConfigurationPlatforms) = preSolution
		Debug|Any CPU = Debug|Any CPU
		Release|Any CPU = Release|Any CPU
	EndGlobalSection
	GlobalSection(ProjectConfigurationPlatforms) = postSolution
		{04B840A6-69C8-4AA1-B45C-FDD4B4788F0D}.Debug|Any CPU.ActiveCfg = Debug|Any CPU
		{04B840A6-69C8-4AA1-B45C-FDD4B4788F0D}.Debug|Any CPU.Build.0 = Debug|Any CPU
		{04B840A6-69C8-4AA1-B45C-FDD4B4788F0D}.Release|Any CPU.ActiveCfg = Release|Any CPU
		{04B840A6-69C8-4AA1-B45C-FDD4B4788F0D}.Release|Any CPU.Build.0 = Release|Any CPU
	EndGlobalSection
	GlobalSection(SolutionProperties) = preSolution
		HideSolutionNode = FALSE
	EndGlobalSection
	GlobalSection(ExtensibilityGlobals) = postSolution
		SolutionGuid = {33ADC2FF-2156-4DB6-8CF7-94D04E3D3C5E}
	EndGlobalSection
EndGlobal
